// !$*UTF8*$!
{
	archiveVersion = 1;
	classes = {
	};
	objectVersion = 50;
	objects = {

/* Begin PBXBuildFile section */
		E5CAC4CC20F1496F00CC70B4 /* main.cpp in Sources */ = {isa = PBXBuildFile; fileRef = E5D930C520ED39ED006FD053 /* main.cpp */; };
		E5CAC4CD20F1497C00CC70B4 /* ISSort.cpp in Sources */ = {isa = PBXBuildFile; fileRef = E5CAC4BC20F148B500CC70B4 /* ISSort.cpp */; };
/* End PBXBuildFile section */

/* Begin PBXCopyFilesBuildPhase section */
		E5CAC4C020F1492200CC70B4 /* CopyFiles */ = {
			isa = PBXCopyFilesBuildPhase;
			buildActionMask = 2147483647;
			dstPath = /usr/share/man/man1/;
			dstSubfolderSpec = 0;
			files = (
			);
			runOnlyForDeploymentPostprocessing = 1;
		};
		E5D930C020ED39ED006FD053 /* CopyFiles */ = {
			isa = PBXCopyFilesBuildPhase;
			buildActionMask = 2147483647;
			dstPath = /usr/share/man/man1/;
			dstSubfolderSpec = 0;
			files = (
			);
			runOnlyForDeploymentPostprocessing = 1;
		};
/* End PBXCopyFilesBuildPhase section */

/* Begin PBXFileReference section */
		E5CAC4BC20F148B500CC70B4 /* ISSort.cpp */ = {isa = PBXFileReference; lastKnownFileType = sourcecode.cpp.cpp; path = ISSort.cpp; sourceTree = "<group>"; };
		E5CAC4C220F1492200CC70B4 /* Issort */ = {isa = PBXFileReference; explicitFileType = "compiled.mach-o.executable"; includeInIndex = 0; path = Issort; sourceTree = BUILT_PRODUCTS_DIR; };
		E5CAC4C420F1492200CC70B4 /* main.cpp */ = {isa = PBXFileReference; lastKnownFileType = sourcecode.cpp.cpp; path = main.cpp; sourceTree = "<group>"; };
		E5D930C220ED39ED006FD053 /* testingInsertionSort */ = {isa = PBXFileReference; explicitFileType = "compiled.mach-o.executable"; includeInIndex = 0; path = testingInsertionSort; sourceTree = BUILT_PRODUCTS_DIR; };
		E5D930C520ED39ED006FD053 /* main.cpp */ = {isa = PBXFileReference; lastKnownFileType = sourcecode.cpp.cpp; path = main.cpp; sourceTree = "<group>"; };
/* End PBXFileReference section */

/* Begin PBXFrameworksBuildPhase section */
		E5CAC4BF20F1492200CC70B4 /* Frameworks */ = {
			isa = PBXFrameworksBuildPhase;
			buildActionMask = 2147483647;
			files = (
			);
			runOnlyForDeploymentPostprocessing = 0;
		};
		E5D930BF20ED39ED006FD053 /* Frameworks */ = {
			isa = PBXFrameworksBuildPhase;
			buildActionMask = 2147483647;
			files = (
			);
			runOnlyForDeploymentPostprocessing = 0;
		};
/* End PBXFrameworksBuildPhase section */

/* Begin PBXGroup section */
		E5CAC4C320F1492200CC70B4 /* Issort */ = {
			isa = PBXGroup;
			children = (
				E5CAC4C420F1492200CC70B4 /* main.cpp */,
			);
			path = Issort;
			sourceTree = "<group>";
		};
		E5D930B920ED39ED006FD053 = {
			isa = PBXGroup;
			children = (
				E5D930C420ED39ED006FD053 /* testingInsertionSort */,
				E5CAC4C320F1492200CC70B4 /* Issort */,
				E5D930C320ED39ED006FD053 /* Products */,
			);
			sourceTree = "<group>";
		};
		E5D930C320ED39ED006FD053 /* Products */ = {
			isa = PBXGroup;
			children = (
				E5D930C220ED39ED006FD053 /* testingInsertionSort */,
				E5CAC4C220F1492200CC70B4 /* Issort */,
			);
			name = Products;
			sourceTree = "<group>";
		};
		E5D930C420ED39ED006FD053 /* testingInsertionSort */ = {
			isa = PBXGroup;
			children = (
				E5D930C520ED39ED006FD053 /* main.cpp */,
				E5CAC4BC20F148B500CC70B4 /* ISSort.cpp */,
			);
			path = testingInsertionSort;
			sourceTree = "<group>";
		};
/* End PBXGroup section */

/* Begin PBXNativeTarget section */
		E5CAC4C120F1492200CC70B4 /* Issort */ = {
			isa = PBXNativeTarget;
			buildConfigurationList = E5CAC4C620F1492200CC70B4 /* Build configuration list for PBXNativeTarget "Issort" */;
			buildPhases = (
				E5CAC4BE20F1492200CC70B4 /* Sources */,
				E5CAC4BF20F1492200CC70B4 /* Frameworks */,
				E5CAC4C020F1492200CC70B4 /* CopyFiles */,
			);
			buildRules = (
			);
			dependencies = (
			);
			name = Issort;
			productName = Issort;
			productReference = E5CAC4C220F1492200CC70B4 /* Issort */;
			productType = "com.apple.product-type.tool";
		};
		E5D930C120ED39ED006FD053 /* testingInsertionSort */ = {
			isa = PBXNativeTarget;
			buildConfigurationList = E5D930C920ED39ED006FD053 /* Build configuration list for PBXNativeTarget "testingInsertionSort" */;
			buildPhases = (
				E5D930BE20ED39ED006FD053 /* Sources */,
				E5D930BF20ED39ED006FD053 /* Frameworks */,
				E5D930C020ED39ED006FD053 /* CopyFiles */,
			);
			buildRules = (
			);
			dependencies = (
			);
			name = testingInsertionSort;
			productName = testingInsertionSort;
			productReference = E5D930C220ED39ED006FD053 /* testingInsertionSort */;
			productType = "com.apple.product-type.tool";
		};
/* End PBXNativeTarget section */

/* Begin PBXProject section */
		E5D930BA20ED39ED006FD053 /* Project object */ = {
			isa = PBXProject;
			attributes = {
				LastUpgradeCheck = 0940;
				ORGANIZATIONNAME = superDeano;
				TargetAttributes = {
					E5CAC4C120F1492200CC70B4 = {
						CreatedOnToolsVersion = 9.4.1;
					};
					E5D930C120ED39ED006FD053 = {
						CreatedOnToolsVersion = 9.4.1;
					};
				};
			};
			buildConfigurationList = E5D930BD20ED39ED006FD053 /* Build configuration list for PBXProject "testingInsertionSort" */;
			compatibilityVersion = "Xcode 9.3";
			developmentRegion = en;
			hasScannedForEncodings = 0;
			knownRegions = (
				en,
			);
			mainGroup = E5D930B920ED39ED006FD053;
			productRefGroup = E5D930C320ED39ED006FD053 /* Products */;
			projectDirPath = "";
			projectRoot = "";
			targets = (
				E5D930C120ED39ED006FD053 /* testingInsertionSort */,
				E5CAC4C120F1492200CC70B4 /* Issort */,
			);
		};
/* End PBXProject section */

/* Begin PBXSourcesBuildPhase section */
		E5CAC4BE20F1492200CC70B4 /* Sources */ = {
			isa = PBXSourcesBuildPhase;
			buildActionMask = 2147483647;
			files = (
				E5CAC4CD20F1497C00CC70B4 /* ISSort.cpp in Sources */,
			);
			runOnlyForDeploymentPostprocessing = 0;
		};
		E5D930BE20ED39ED006FD053 /* Sources */ = {
			isa = PBXSourcesBuildPhase;
			buildActionMask = 2147483647;
			files = (
				E5CAC4CC20F1496F00CC70B4 /* main.cpp in Sources */,
			);
			runOnlyForDeploymentPostprocessing = 0;
		};
/* End PBXSourcesBuildPhase section */

/* Begin XCBuildConfiguration section */
		E5CAC4C720F1492200CC70B4 /* Debug */ = {
			isa = XCBuildConfiguration;
			buildSettings = {
				CODE_SIGN_STYLE = Automatic;
				PRODUCT_NAME = "$(TARGET_NAME)";
			};
			name = Debug;
		};
		E5CAC4C820F1492200CC70B4 /* Release */ = {
			isa = XCBuildConfiguration;
			buildSettings = {
				CODE_SIGN_STYLE = Automatic;
				PRODUCT_NAME = "$(TARGET_NAME)";
			};
			name = Release;
		};
		E5D930C720ED39ED006FD053 /* Debug */ = {
			isa = XCBuildConfiguration;
			buildSettings = {
				ALWAYS_SEARCH_USER_PATHS = NO;
				CLANG_ANALYZER_NONNULL = YES;
				CLANG_ANALYZER_NUMBER_OBJECT_CONVERSION = YES_AGGRESSIVE;
				CLANG_CXX_LANGUAGE_STANDARD = "gnu++14";
				CLANG_CXX_LIBRARY = "libc++";
				CLANG_ENABLE_MODULES = YES;
				CLANG_ENABLE_OBJC_ARC = YES;
				CLANG_ENABLE_OBJC_WEAK = YES;
				CLANG_WARN_BLOCK_CAPTURE_AUTORELEASING = YES;
				CLANG_WARN_BOOL_CONVERSION = YES;
				CLANG_WARN_COMMA = YES;
				CLANG_WARN_CONSTANT_CONVERSION = YES;
				CLANG_WARN_DEPRECATED_OBJC_IMPLEMENTATIONS = YES;
				CLANG_WARN_DIRECT_OBJC_ISA_USAGE = YES_ERROR;
				CLANG_WARN_DOCUMENTATION_COMMENTS = YES;
				CLANG_WARN_EMPTY_BODY = YES;
				CLANG_WARN_ENUM_CONVERSION = YES;
				CLANG_WARN_INFINITE_RECURSION = YES;
				CLANG_WARN_INT_CONVERSION = YES;
				CLANG_WARN_NON_LITERAL_NULL_CONVERSION = YES;
				CLANG_WARN_OBJC_IMPLICIT_RETAIN_SELF = YES;
				CLANG_WARN_OBJC_LITERAL_CONVERSION = YES;
				CLANG_WARN_OBJC_ROOT_CLASS = YES_ERROR;
				CLANG_WARN_RANGE_LOOP_ANALYSIS = YES;
				CLANG_WARN_STRICT_PROTOTYPES = YES;
				CLANG_WARN_SUSPICIOUS_MOVE = YES;
				CLANG_WARN_UNGUARDED_AVAILABILITY = YES_AGGRESSIVE;
				CLANG_WARN_UNREACHABLE_CODE = YES;
				CLANG_WARN__DUPLICATE_METHOD_MATCH = YES;
				CODE_SIGN_IDENTITY = "-";
				COPY_PHASE_STRIP = NO;
				DEBUG_INFORMATION_FORMAT = dwarf;
				ENABLE_STRICT_OBJC_MSGSEND = YES;
				ENABLE_TESTABILITY = YES;
				GCC_C_LANGUAGE_STANDARD = gnu11;
				GCC_DYNAMIC_NO_PIC = NO;
				GCC_NO_COMMON_BLOCKS = YES;
				GCC_OPTIMIZATION_LEVEL = 0;
				GCC_PREPROCESSOR_DEFINITIONS = (
					"DEBUG=1",
					"$(inherited)",
				);
				GCC_WARN_64_TO_32_BIT_CONVERSION = YES;
				GCC_WARN_ABOUT_RETURN_TYPE = YES_ERROR;
				GCC_WARN_UNDECLARED_SELECTOR = YES;
				GCC_WARN_UNINITIALIZED_AUTOS = YES_AGGRESSIVE;
				GCC_WARN_UNUSED_FUNCTION = YES;
				GCC_WARN_UNUSED_VARIABLE = YES;
				MACOSX_DEPLOYMENT_TARGET = 10.13;
				MTL_ENABLE_DEBUG_INFO = YES;
				ONLY_ACTIVE_ARCH = YES;
				SDKROOT = macosx;
			};
			name = Debug;
		};
		E5D930C820ED39ED006FD053 /* Release */ = {
			isa = XCBuildConfiguration;
			buildSettings = {
				ALWAYS_SEARCH_USER_PATHS = NO;
				CLANG_ANALYZER_NONNULL = YES;
				CLANG_ANALYZER_NUMBER_OBJECT_CONVERSION = YES_AGGRESSIVE;
				CLANG_CXX_LANGUAGE_STANDARD = "gnu++14";
				CLANG_CXX_LIBRARY = "libc++";
				CLANG_ENABLE_MODULES = YES;
				CLANG_ENABLE_OBJC_ARC = YES;
				CLANG_ENABLE_OBJC_WEAK = YES;
				CLANG_WARN_BLOCK_CAPTURE_AUTORELEASING = YES;
				CLANG_WARN_BOOL_CONVERSION = YES;
				CLANG_WARN_COMMA = YES;
				CLANG_WARN_CONSTANT_CONVERSION = YES;
				CLANG_WARN_DEPRECATED_OBJC_IMPLEMENTATIONS = YES;
				CLANG_WARN_DIRECT_OBJC_ISA_USAGE = YES_ERROR;
				CLANG_WARN_DOCUMENTATION_COMMENTS = YES;
				CLANG_WARN_EMPTY_BODY = YES;
				CLANG_WARN_ENUM_CONVERSION = YES;
				CLANG_WARN_INFINITE_RECURSION = YES;
				CLANG_WARN_INT_CONVERSION = YES;
				CLANG_WARN_NON_LITERAL_NULL_CONVERSION = YES;
				CLANG_WARN_OBJC_IMPLICIT_RETAIN_SELF = YES;
				CLANG_WARN_OBJC_LITERAL_CONVERSION = YES;
				CLANG_WARN_OBJC_ROOT_CLASS = YES_ERROR;
				CLANG_WARN_RANGE_LOOP_ANALYSIS = YES;
				CLANG_WARN_STRICT_PROTOTYPES = YES;
				CLANG_WARN_SUSPICIOUS_MOVE = YES;
				CLANG_WARN_UNGUARDED_AVAILABILITY = YES_AGGRESSIVE;
				CLANG_WARN_UNREACHABLE_CODE = YES;
				CLANG_WARN__DUPLICATE_METHOD_MATCH = YES;
				CODE_SIGN_IDENTITY = "-";
				COPY_PHASE_STRIP = NO;
				DEBUG_INFORMATION_FORMAT = "dwarf-with-dsym";
				ENABLE_NS_ASSERTIONS = NO;
				ENABLE_STRICT_OBJC_MSGSEND = YES;
				GCC_C_LANGUAGE_STANDARD = gnu11;
				GCC_NO_COMMON_BLOCKS = YES;
				GCC_WARN_64_TO_32_BIT_CONVERSION = YES;
				GCC_WARN_ABOUT_RETURN_TYPE = YES_ERROR;
				GCC_WARN_UNDECLARED_SELECTOR = YES;
				GCC_WARN_UNINITIALIZED_AUTOS = YES_AGGRESSIVE;
				GCC_WARN_UNUSED_FUNCTION = YES;
				GCC_WARN_UNUSED_VARIABLE = YES;
				MACOSX_DEPLOYMENT_TARGET = 10.13;
				MTL_ENABLE_DEBUG_INFO = NO;
				SDKROOT = macosx;
			};
			name = Release;
		};
		E5D930CA20ED39ED006FD053 /* Debug */ = {
			isa = XCBuildConfiguration;
			buildSettings = {
				CODE_SIGN_STYLE = Automatic;
				PRODUCT_NAME = "$(TARGET_NAME)";
			};
			name = Debug;
		};
		E5D930CB20ED39ED006FD053 /* Release */ = {
			isa = XCBuildConfiguration;
			buildSettings = {
				CODE_SIGN_STYLE = Automatic;
				PRODUCT_NAME = "$(TARGET_NAME)";
			};
			name = Release;
		};
/* End XCBuildConfiguration section */

/* Begin XCConfigurationList section */
		E5CAC4C620F1492200CC70B4 /* Build configuration list for PBXNativeTarget "Issort" */ = {
			isa = XCConfigurationList;
			buildConfigurations = (
				E5CAC4C720F1492200CC70B4 /* Debug */,
				E5CAC4C820F1492200CC70B4 /* Release */,
			);
			defaultConfigurationIsVisible = 0;
			defaultConfigurationName = Release;
		};
		E5D930BD20ED39ED006FD053 /* Build configuration list for PBXProject "testingInsertionSort" */ = {
			isa = XCConfigurationList;
			buildConfigurations = (
				E5D930C720ED39ED006FD053 /* Debug */,
				E5D930C820ED39ED006FD053 /* Release */,
			);
			defaultConfigurationIsVisible = 0;
			defaultConfigurationName = Release;
		};
		E5D930C920ED39ED006FD053 /* Build configuration list for PBXNativeTarget "testingInsertionSort" */ = {
			isa = XCConfigurationList;
			buildConfigurations = (
				E5D930CA20ED39ED006FD053 /* Debug */,
				E5D930CB20ED39ED006FD053 /* Release */,
			);
			defaultConfigurationIsVisible = 0;
			defaultConfigurationName = Release;
		};
/* End XCConfigurationList section */
	};
	rootObject = E5D930BA20ED39ED006FD053 /* Project object */;
}
